
Microsoft Visual Studio Solution File, Format Version 12.00
# Visual Studio Version 16
VisualStudioVersion = 16.0.31313.79
MinimumVisualStudioVersion = 10.0.40219.1
Project("{9A19103F-16F7-4668-BE54-9A1E7A4F7556}") = "DMJ.DIRS21.WebApi", "DMJ.DIRS21.WebApi\DMJ.DIRS21.WebApi.csproj", "{DF26FEF4-1E2D-4DF7-902C-34CE0B809D52}"
EndProject
Project("{9A19103F-16F7-4668-BE54-9A1E7A4F7556}") = "DMJ.DIRS21.Service", "DMJ.DISR21.Service\DMJ.DIRS21.Service.csproj", "{EB7C932A-6E0A-430B-ADAE-E5D12A1206CB}"
EndProject
Project("{9A19103F-16F7-4668-BE54-9A1E7A4F7556}") = "DMJ.DIRS21.Model", "DMJ.DISR21.Model\DMJ.DIRS21.Model.csproj", "{07E2EA91-673F-4993-8587-53A15A1CDA38}"
EndProject
Project("{9A19103F-16F7-4668-BE54-9A1E7A4F7556}") = "DMJ.DIRS21.Common", "DMJ.DISR21.Common\DMJ.DIRS21.Common.csproj", "{29268136-0018-48BA-83F7-25202D9416B3}"
EndProject
Project("{9A19103F-16F7-4668-BE54-9A1E7A4F7556}") = "DMJ.DIRS21.DataAccess", "DMJ.DISR21.DataAccess\DMJ.DIRS21.DataAccess.csproj", "{3D61A4A5-898A-4012-A920-6E25A73FD1D3}"
EndProject
Global
	GlobalSection(SolutionConfigurationPlatforms) = preSolution
		Debug|Any CPU = Debug|Any CPU
		Release|Any CPU = Release|Any CPU
	EndGlobalSection
	GlobalSection(ProjectConfigurationPlatforms) = postSolution
		{DF26FEF4-1E2D-4DF7-902C-34CE0B809D52}.Debug|Any CPU.ActiveCfg = Debug|Any CPU
		{DF26FEF4-1E2D-4DF7-902C-34CE0B809D52}.Debug|Any CPU.Build.0 = Debug|Any CPU
		{DF26FEF4-1E2D-4DF7-902C-34CE0B809D52}.Release|Any CPU.ActiveCfg = Release|Any CPU
		{DF26FEF4-1E2D-4DF7-902C-34CE0B809D52}.Release|Any CPU.Build.0 = Release|Any CPU
		{EB7C932A-6E0A-430B-ADAE-E5D12A1206CB}.Debug|Any CPU.ActiveCfg = Debug|Any CPU
		{EB7C932A-6E0A-430B-ADAE-E5D12A1206CB}.Debug|Any CPU.Build.0 = Debug|Any CPU
		{EB7C932A-6E0A-430B-ADAE-E5D12A1206CB}.Release|Any CPU.ActiveCfg = Release|Any CPU
		{EB7C932A-6E0A-430B-ADAE-E5D12A1206CB}.Release|Any CPU.Build.0 = Release|Any CPU
		{07E2EA91-673F-4993-8587-53A15A1CDA38}.Debug|Any CPU.ActiveCfg = Debug|Any CPU
		{07E2EA91-673F-4993-8587-53A15A1CDA38}.Debug|Any CPU.Build.0 = Debug|Any CPU
		{07E2EA91-673F-4993-8587-53A15A1CDA38}.Release|Any CPU.ActiveCfg = Release|Any CPU
		{07E2EA91-673F-4993-8587-53A15A1CDA38}.Release|Any CPU.Build.0 = Release|Any CPU
		{29268136-0018-48BA-83F7-25202D9416B3}.Debug|Any CPU.ActiveCfg = Debug|Any CPU
		{29268136-0018-48BA-83F7-25202D9416B3}.Debug|Any CPU.Build.0 = Debug|Any CPU
		{29268136-0018-48BA-83F7-25202D9416B3}.Release|Any CPU.ActiveCfg = Release|Any CPU
		{29268136-0018-48BA-83F7-25202D9416B3}.Release|Any CPU.Build.0 = Release|Any CPU
		{3D61A4A5-898A-4012-A920-6E25A73FD1D3}.Debug|Any CPU.ActiveCfg = Debug|Any CPU
		{3D61A4A5-898A-4012-A920-6E25A73FD1D3}.Debug|Any CPU.Build.0 = Debug|Any CPU
		{3D61A4A5-898A-4012-A920-6E25A73FD1D3}.Release|Any CPU.ActiveCfg = Release|Any CPU
		{3D61A4A5-898A-4012-A920-6E25A73FD1D3}.Release|Any CPU.Build.0 = Release|Any CPU
	EndGlobalSection
	GlobalSection(SolutionProperties) = preSolution
		HideSolutionNode = FALSE
	EndGlobalSection
	GlobalSection(ExtensibilityGlobals) = postSolution
		SolutionGuid = {11A996EA-8C13-4B34-9919-B69D8ED5E2FD}
	EndGlobalSection
EndGlobal
